
Microsoft Visual Studio Solution File, Format Version 12.00
# Visual Studio Version 17
VisualStudioVersion = 17.12.35707.178
MinimumVisualStudioVersion = 10.0.40219.1
Project("{FAE04EC0-301F-11D3-BF4B-00C04F79EFBC}") = "ShowManager.Web.API", "ShowManager.Web.API\ShowManager.Web.API.csproj", "{16AF8534-9AE1-431C-82E9-BEA9DE1ECFAE}"
EndProject
Project("{2150E333-8FDC-42A3-9474-1A3956D46DE8}") = "1. Apresentacao", "1. Apresentacao", "{90A05AA5-C45D-4412-A493-2C4393AC3A17}"
EndProject
Project("{2150E333-8FDC-42A3-9474-1A3956D46DE8}") = "2. Aplicacao", "2. Aplicacao", "{97B54D67-C9B8-40DB-A3F7-12E42220F73C}"
EndProject
Project("{2150E333-8FDC-42A3-9474-1A3956D46DE8}") = "3. Dominio", "3. Dominio", "{0F0FDC3D-6591-4143-ACE6-8DB1E360622F}"
EndProject
Project("{2150E333-8FDC-42A3-9474-1A3956D46DE8}") = "4. Infra", "4. Infra", "{FB751D70-2433-44FB-83FD-194FCD6E54E4}"
EndProject
Project("{2150E333-8FDC-42A3-9474-1A3956D46DE8}") = "Tests", "Tests", "{BF10A037-75E9-4427-A1B2-2FB229CB87D8}"
EndProject
Project("{FAE04EC0-301F-11D3-BF4B-00C04F79EFBC}") = "ShowManager.Dominio", "ShowManager.Dominio\ShowManager.Dominio.csproj", "{C0A1241B-1369-4EFD-BE07-02C54708AE27}"
EndProject
Project("{FAE04EC0-301F-11D3-BF4B-00C04F79EFBC}") = "ShowManager.Application", "ShowManager.Application\ShowManager.Application.csproj", "{92D185D8-D5FF-4986-A04D-D168D60E9E13}"
EndProject
Project("{2150E333-8FDC-42A3-9474-1A3956D46DE8}") = "5. Shared", "5. Shared", "{02EA681E-C7D8-13C7-8484-4AC65E1B71E8}"
EndProject
Project("{FAE04EC0-301F-11D3-BF4B-00C04F79EFBC}") = "ShowManager.Exceptions", "ShowManager.Exceptions\ShowManager.Exceptions.csproj", "{50389A60-5095-49E3-A374-F2F79704E3B8}"
EndProject
Project("{FAE04EC0-301F-11D3-BF4B-00C04F79EFBC}") = "ShowManager.Infra.Data", "ShowManager.Infra.Data\ShowManager.Infra.Data.csproj", "{036E95AF-9D23-4A40-A66E-1367D3D539D2}"
EndProject
Global
	GlobalSection(SolutionConfigurationPlatforms) = preSolution
		Debug|Any CPU = Debug|Any CPU
		Release|Any CPU = Release|Any CPU
	EndGlobalSection
	GlobalSection(ProjectConfigurationPlatforms) = postSolution
		{16AF8534-9AE1-431C-82E9-BEA9DE1ECFAE}.Debug|Any CPU.ActiveCfg = Debug|Any CPU
		{16AF8534-9AE1-431C-82E9-BEA9DE1ECFAE}.Debug|Any CPU.Build.0 = Debug|Any CPU
		{16AF8534-9AE1-431C-82E9-BEA9DE1ECFAE}.Release|Any CPU.ActiveCfg = Release|Any CPU
		{16AF8534-9AE1-431C-82E9-BEA9DE1ECFAE}.Release|Any CPU.Build.0 = Release|Any CPU
		{C0A1241B-1369-4EFD-BE07-02C54708AE27}.Debug|Any CPU.ActiveCfg = Debug|Any CPU
		{C0A1241B-1369-4EFD-BE07-02C54708AE27}.Debug|Any CPU.Build.0 = Debug|Any CPU
		{C0A1241B-1369-4EFD-BE07-02C54708AE27}.Release|Any CPU.ActiveCfg = Release|Any CPU
		{C0A1241B-1369-4EFD-BE07-02C54708AE27}.Release|Any CPU.Build.0 = Release|Any CPU
		{92D185D8-D5FF-4986-A04D-D168D60E9E13}.Debug|Any CPU.ActiveCfg = Debug|Any CPU
		{92D185D8-D5FF-4986-A04D-D168D60E9E13}.Debug|Any CPU.Build.0 = Debug|Any CPU
		{92D185D8-D5FF-4986-A04D-D168D60E9E13}.Release|Any CPU.ActiveCfg = Release|Any CPU
		{92D185D8-D5FF-4986-A04D-D168D60E9E13}.Release|Any CPU.Build.0 = Release|Any CPU
		{50389A60-5095-49E3-A374-F2F79704E3B8}.Debug|Any CPU.ActiveCfg = Debug|Any CPU
		{50389A60-5095-49E3-A374-F2F79704E3B8}.Debug|Any CPU.Build.0 = Debug|Any CPU
		{50389A60-5095-49E3-A374-F2F79704E3B8}.Release|Any CPU.ActiveCfg = Release|Any CPU
		{50389A60-5095-49E3-A374-F2F79704E3B8}.Release|Any CPU.Build.0 = Release|Any CPU
		{036E95AF-9D23-4A40-A66E-1367D3D539D2}.Debug|Any CPU.ActiveCfg = Debug|Any CPU
		{036E95AF-9D23-4A40-A66E-1367D3D539D2}.Debug|Any CPU.Build.0 = Debug|Any CPU
		{036E95AF-9D23-4A40-A66E-1367D3D539D2}.Release|Any CPU.ActiveCfg = Release|Any CPU
		{036E95AF-9D23-4A40-A66E-1367D3D539D2}.Release|Any CPU.Build.0 = Release|Any CPU
	EndGlobalSection
	GlobalSection(SolutionProperties) = preSolution
		HideSolutionNode = FALSE
	EndGlobalSection
	GlobalSection(NestedProjects) = preSolution
		{16AF8534-9AE1-431C-82E9-BEA9DE1ECFAE} = {90A05AA5-C45D-4412-A493-2C4393AC3A17}
		{C0A1241B-1369-4EFD-BE07-02C54708AE27} = {0F0FDC3D-6591-4143-ACE6-8DB1E360622F}
		{92D185D8-D5FF-4986-A04D-D168D60E9E13} = {97B54D67-C9B8-40DB-A3F7-12E42220F73C}
		{50389A60-5095-49E3-A374-F2F79704E3B8} = {02EA681E-C7D8-13C7-8484-4AC65E1B71E8}
		{036E95AF-9D23-4A40-A66E-1367D3D539D2} = {FB751D70-2433-44FB-83FD-194FCD6E54E4}
	EndGlobalSection
	GlobalSection(ExtensibilityGlobals) = postSolution
		SolutionGuid = {30748416-59B1-4EB7-886E-08BA40868ACC}
	EndGlobalSection
EndGlobal
